
Microsoft Visual Studio Solution File, Format Version 12.00
# Visual Studio Version 16
VisualStudioVersion = 16.0.31911.196
MinimumVisualStudioVersion = 10.0.40219.1
Project("{FAE04EC0-301F-11D3-BF4B-00C04F79EFBC}") = "Atv IAC", "Atv IAC\Atv IAC.csproj", "{A2496824-788C-4C70-9726-26FD4D08C9D1}"
EndProject
Global
	GlobalSection(SolutionConfigurationPlatforms) = preSolution
		Debug|Any CPU = Debug|Any CPU
		Release|Any CPU = Release|Any CPU
	EndGlobalSection
	GlobalSection(ProjectConfigurationPlatforms) = postSolution
		{A2496824-788C-4C70-9726-26FD4D08C9D1}.Debug|Any CPU.ActiveCfg = Debug|Any CPU
		{A2496824-788C-4C70-9726-26FD4D08C9D1}.Debug|Any CPU.Build.0 = Debug|Any CPU
		{A2496824-788C-4C70-9726-26FD4D08C9D1}.Release|Any CPU.ActiveCfg = Release|Any CPU
		{A2496824-788C-4C70-9726-26FD4D08C9D1}.Release|Any CPU.Build.0 = Release|Any CPU
	EndGlobalSection
	GlobalSection(SolutionProperties) = preSolution
		HideSolutionNode = FALSE
	EndGlobalSection
	GlobalSection(ExtensibilityGlobals) = postSolution
		SolutionGuid = {371A668C-21F2-4D59-A1A7-C7F0E67FD88B}
	EndGlobalSection
EndGlobal
